// !$*UTF8*$!
{
	archiveVersion = 1;
	classes = {
	};
	objectVersion = 50;
	objects = {

/* Begin PBXBuildFile section */
		9C57C4D425186DE900A0117B /* AppDelegate.swift in Sources */ = {isa = PBXBuildFile; fileRef = 9C57C4D325186DE900A0117B /* AppDelegate.swift */; };
		9C57C4D625186DE900A0117B /* SceneDelegate.swift in Sources */ = {isa = PBXBuildFile; fileRef = 9C57C4D525186DE900A0117B /* SceneDelegate.swift */; };
		9C57C4D825186DE900A0117B /* ViewController.swift in Sources */ = {isa = PBXBuildFile; fileRef = 9C57C4D725186DE900A0117B /* ViewController.swift */; };
		9C57C4DD25186DEA00A0117B /* Assets.xcassets in Resources */ = {isa = PBXBuildFile; fileRef = 9C57C4DC25186DEA00A0117B /* Assets.xcassets */; };
		9C57C4E025186DEA00A0117B /* LaunchScreen.storyboard in Resources */ = {isa = PBXBuildFile; fileRef = 9C57C4DE25186DEA00A0117B /* LaunchScreen.storyboard */; };
		9C57C4EB25186E3000A0117B /* Network.swift in Sources */ = {isa = PBXBuildFile; fileRef = 9C57C4EA25186E3000A0117B /* Network.swift */; };
		9C57C4ED25186E4D00A0117B /* ValuteListViewController.swift in Sources */ = {isa = PBXBuildFile; fileRef = 9C57C4EC25186E4D00A0117B /* ValuteListViewController.swift */; };
		9C57C4F125186E6C00A0117B /* Valute.swift in Sources */ = {isa = PBXBuildFile; fileRef = 9C57C4F025186E6C00A0117B /* Valute.swift */; };
		9C57C4F52519C08E00A0117B /* Main.storyboard in Resources */ = {isa = PBXBuildFile; fileRef = 9C57C4F42519C08E00A0117B /* Main.storyboard */; };
/* End PBXBuildFile section */

/* Begin PBXFileReference section */
		9C57C4D025186DE900A0117B /* ConValute.app */ = {isa = PBXFileReference; explicitFileType = wrapper.application; includeInIndex = 0; path = ConValute.app; sourceTree = BUILT_PRODUCTS_DIR; };
		9C57C4D325186DE900A0117B /* AppDelegate.swift */ = {isa = PBXFileReference; lastKnownFileType = sourcecode.swift; path = AppDelegate.swift; sourceTree = "<group>"; };
		9C57C4D525186DE900A0117B /* SceneDelegate.swift */ = {isa = PBXFileReference; lastKnownFileType = sourcecode.swift; path = SceneDelegate.swift; sourceTree = "<group>"; };
		9C57C4D725186DE900A0117B /* ViewController.swift */ = {isa = PBXFileReference; lastKnownFileType = sourcecode.swift; path = ViewController.swift; sourceTree = "<group>"; };
		9C57C4DC25186DEA00A0117B /* Assets.xcassets */ = {isa = PBXFileReference; lastKnownFileType = folder.assetcatalog; path = Assets.xcassets; sourceTree = "<group>"; };
		9C57C4DF25186DEA00A0117B /* Base */ = {isa = PBXFileReference; lastKnownFileType = file.storyboard; name = Base; path = Base.lproj/LaunchScreen.storyboard; sourceTree = "<group>"; };
		9C57C4E125186DEA00A0117B /* Info.plist */ = {isa = PBXFileReference; lastKnownFileType = text.plist.xml; path = Info.plist; sourceTree = "<group>"; };
		9C57C4EA25186E3000A0117B /* Network.swift */ = {isa = PBXFileReference; lastKnownFileType = sourcecode.swift; path = Network.swift; sourceTree = "<group>"; };
		9C57C4EC25186E4D00A0117B /* ValuteListViewController.swift */ = {isa = PBXFileReference; lastKnownFileType = sourcecode.swift; path = ValuteListViewController.swift; sourceTree = "<group>"; };
		9C57C4F025186E6C00A0117B /* Valute.swift */ = {isa = PBXFileReference; lastKnownFileType = sourcecode.swift; path = Valute.swift; sourceTree = "<group>"; };
		9C57C4F42519C08E00A0117B /* Main.storyboard */ = {isa = PBXFileReference; fileEncoding = 4; lastKnownFileType = file.storyboard; path = Main.storyboard; sourceTree = "<group>"; };
/* End PBXFileReference section */

/* Begin PBXFrameworksBuildPhase section */
		9C57C4CD25186DE900A0117B /* Frameworks */ = {
			isa = PBXFrameworksBuildPhase;
			buildActionMask = 2147483647;
			files = (
			);
			runOnlyForDeploymentPostprocessing = 0;
		};
/* End PBXFrameworksBuildPhase section */

/* Begin PBXGroup section */
		9C57C4C725186DE900A0117B = {
			isa = PBXGroup;
			children = (
				9C57C4D225186DE900A0117B /* ConValute */,
				9C57C4D125186DE900A0117B /* Products */,
			);
			sourceTree = "<group>";
		};
		9C57C4D125186DE900A0117B /* Products */ = {
			isa = PBXGroup;
			children = (
				9C57C4D025186DE900A0117B /* ConValute.app */,
			);
			name = Products;
			sourceTree = "<group>";
		};
		9C57C4D225186DE900A0117B /* ConValute */ = {
			isa = PBXGroup;
			children = (
				9C57C4E925186E2000A0117B /* Network */,
				9C57C4E825186E0600A0117B /* ViewContollers */,
				9C57C4E725186DF600A0117B /* Model */,
				9C57C4D325186DE900A0117B /* AppDelegate.swift */,
				9C57C4D525186DE900A0117B /* SceneDelegate.swift */,
				9C57C4F42519C08E00A0117B /* Main.storyboard */,
				9C57C4D725186DE900A0117B /* ViewController.swift */,
				9C57C4DC25186DEA00A0117B /* Assets.xcassets */,
				9C57C4DE25186DEA00A0117B /* LaunchScreen.storyboard */,
				9C57C4E125186DEA00A0117B /* Info.plist */,
			);
			path = ConValute;
			sourceTree = "<group>";
		};
		9C57C4E725186DF600A0117B /* Model */ = {
			isa = PBXGroup;
			children = (
				9C57C4F025186E6C00A0117B /* Valute.swift */,
			);
			path = Model;
			sourceTree = "<group>";
		};
		9C57C4E825186E0600A0117B /* ViewContollers */ = {
			isa = PBXGroup;
			children = (
				9C57C4EC25186E4D00A0117B /* ValuteListViewController.swift */,
			);
			path = ViewContollers;
			sourceTree = "<group>";
		};
		9C57C4E925186E2000A0117B /* Network */ = {
			isa = PBXGroup;
			children = (
				9C57C4EA25186E3000A0117B /* Network.swift */,
			);
			path = Network;
			sourceTree = "<group>";
		};
/* End PBXGroup section */

/* Begin PBXNativeTarget section */
		9C57C4CF25186DE900A0117B /* ConValute */ = {
			isa = PBXNativeTarget;
			buildConfigurationList = 9C57C4E425186DEA00A0117B /* Build configuration list for PBXNativeTarget "ConValute" */;
			buildPhases = (
				9C57C4CC25186DE900A0117B /* Sources */,
				9C57C4CD25186DE900A0117B /* Frameworks */,
				9C57C4CE25186DE900A0117B /* Resources */,
			);
			buildRules = (
			);
			dependencies = (
			);
			name = ConValute;
			productName = ConValute;
			productReference = 9C57C4D025186DE900A0117B /* ConValute.app */;
			productType = "com.apple.product-type.application";
		};
/* End PBXNativeTarget section */

/* Begin PBXProject section */
		9C57C4C825186DE900A0117B /* Project object */ = {
			isa = PBXProject;
			attributes = {
				LastSwiftUpdateCheck = 1170;
				LastUpgradeCheck = 1200;
				ORGANIZATIONNAME = "Сергей Шестаков";
				TargetAttributes = {
					9C57C4CF25186DE900A0117B = {
						CreatedOnToolsVersion = 11.7;
					};
				};
			};
			buildConfigurationList = 9C57C4CB25186DE900A0117B /* Build configuration list for PBXProject "ConValute" */;
			compatibilityVersion = "Xcode 9.3";
			developmentRegion = en;
			hasScannedForEncodings = 0;
			knownRegions = (
				en,
				Base,
			);
			mainGroup = 9C57C4C725186DE900A0117B;
			productRefGroup = 9C57C4D125186DE900A0117B /* Products */;
			projectDirPath = "";
			projectRoot = "";
			targets = (
				9C57C4CF25186DE900A0117B /* ConValute */,
			);
		};
/* End PBXProject section */

/* Begin PBXResourcesBuildPhase section */
		9C57C4CE25186DE900A0117B /* Resources */ = {
			isa = PBXResourcesBuildPhase;
			buildActionMask = 2147483647;
			files = (
				9C57C4F52519C08E00A0117B /* Main.storyboard in Resources */,
				9C57C4E025186DEA00A0117B /* LaunchScreen.storyboard in Resources */,
				9C57C4DD25186DEA00A0117B /* Assets.xcassets in Resources */,
			);
			runOnlyForDeploymentPostprocessing = 0;
		};
/* End PBXResourcesBuildPhase section */

/* Begin PBXSourcesBuildPhase section */
		9C57C4CC25186DE900A0117B /* Sources */ = {
			isa = PBXSourcesBuildPhase;
			buildActionMask = 2147483647;
			files = (
				9C57C4D825186DE900A0117B /* ViewController.swift in Sources */,
				9C57C4D425186DE900A0117B /* AppDelegate.swift in Sources */,
				9C57C4EB25186E3000A0117B /* Network.swift in Sources */,
				9C57C4D625186DE900A0117B /* SceneDelegate.swift in Sources */,
				9C57C4F125186E6C00A0117B /* Valute.swift in Sources */,
				9C57C4ED25186E4D00A0117B /* ValuteListViewController.swift in Sources */,
			);
			runOnlyForDeploymentPostprocessing = 0;
		};
/* End PBXSourcesBuildPhase section */

/* Begin PBXVariantGroup section */
		9C57C4DE25186DEA00A0117B /* LaunchScreen.storyboard */ = {
			isa = PBXVariantGroup;
			children = (
				9C57C4DF25186DEA00A0117B /* Base */,
			);
			name = LaunchScreen.storyboard;
			sourceTree = "<group>";
		};
/* End PBXVariantGroup section */

/* Begin XCBuildConfiguration section */
		9C57C4E225186DEA00A0117B /* Debug */ = {
			isa = XCBuildConfiguration;
			buildSettings = {
				ALWAYS_SEARCH_USER_PATHS = NO;
				CLANG_ANALYZER_NONNULL = YES;
				CLANG_ANALYZER_NUMBER_OBJECT_CONVERSION = YES_AGGRESSIVE;
				CLANG_CXX_LANGUAGE_STANDARD = "gnu++14";
				CLANG_CXX_LIBRARY = "libc++";
				CLANG_ENABLE_MODULES = YES;
				CLANG_ENABLE_OBJC_ARC = YES;
				CLANG_ENABLE_OBJC_WEAK = YES;
				CLANG_WARN_BLOCK_CAPTURE_AUTORELEASING = YES;
				CLANG_WARN_BOOL_CONVERSION = YES;
				CLANG_WARN_COMMA = YES;
				CLANG_WARN_CONSTANT_CONVERSION = YES;
				CLANG_WARN_DEPRECATED_OBJC_IMPLEMENTATIONS = YES;
				CLANG_WARN_DIRECT_OBJC_ISA_USAGE = YES_ERROR;
				CLANG_WARN_DOCUMENTATION_COMMENTS = YES;
				CLANG_WARN_EMPTY_BODY = YES;
				CLANG_WARN_ENUM_CONVERSION = YES;
				CLANG_WARN_INFINITE_RECURSION = YES;
				CLANG_WARN_INT_CONVERSION = YES;
				CLANG_WARN_NON_LITERAL_NULL_CONVERSION = YES;
				CLANG_WARN_OBJC_IMPLICIT_RETAIN_SELF = YES;
				CLANG_WARN_OBJC_LITERAL_CONVERSION = YES;
				CLANG_WARN_OBJC_ROOT_CLASS = YES_ERROR;
				CLANG_WARN_QUOTED_INCLUDE_IN_FRAMEWORK_HEADER = YES;
				CLANG_WARN_RANGE_LOOP_ANALYSIS = YES;
				CLANG_WARN_STRICT_PROTOTYPES = YES;
				CLANG_WARN_SUSPICIOUS_MOVE = YES;
				CLANG_WARN_UNGUARDED_AVAILABILITY = YES_AGGRESSIVE;
				CLANG_WARN_UNREACHABLE_CODE = YES;
				CLANG_WARN__DUPLICATE_METHOD_MATCH = YES;
				COPY_PHASE_STRIP = NO;
				DEBUG_INFORMATION_FORMAT = dwarf;
				ENABLE_STRICT_OBJC_MSGSEND = YES;
				ENABLE_TESTABILITY = YES;
				GCC_C_LANGUAGE_STANDARD = gnu11;
				GCC_DYNAMIC_NO_PIC = NO;
				GCC_NO_COMMON_BLOCKS = YES;
				GCC_OPTIMIZATION_LEVEL = 0;
				GCC_PREPROCESSOR_DEFINITIONS = (
					"DEBUG=1",
					"$(inherited)",
				);
				GCC_WARN_64_TO_32_BIT_CONVERSION = YES;
				GCC_WARN_ABOUT_RETURN_TYPE = YES_ERROR;
				GCC_WARN_UNDECLARED_SELECTOR = YES;
				GCC_WARN_UNINITIALIZED_AUTOS = YES_AGGRESSIVE;
				GCC_WARN_UNUSED_FUNCTION = YES;
				GCC_WARN_UNUSED_VARIABLE = YES;
				IPHONEOS_DEPLOYMENT_TARGET = 13.7;
				MTL_ENABLE_DEBUG_INFO = INCLUDE_SOURCE;
				MTL_FAST_MATH = YES;
				ONLY_ACTIVE_ARCH = YES;
				SDKROOT = iphoneos;
				SWIFT_ACTIVE_COMPILATION_CONDITIONS = DEBUG;
				SWIFT_OPTIMIZATION_LEVEL = "-Onone";
			};
			name = Debug;
		};
		9C57C4E325186DEA00A0117B /* Release */ = {
			isa = XCBuildConfiguration;
			buildSettings = {
				ALWAYS_SEARCH_USER_PATHS = NO;
				CLANG_ANALYZER_NONNULL = YES;
				CLANG_ANALYZER_NUMBER_OBJECT_CONVERSION = YES_AGGRESSIVE;
				CLANG_CXX_LANGUAGE_STANDARD = "gnu++14";
				CLANG_CXX_LIBRARY = "libc++";
				CLANG_ENABLE_MODULES = YES;
				CLANG_ENABLE_OBJC_ARC = YES;
				CLANG_ENABLE_OBJC_WEAK = YES;
				CLANG_WARN_BLOCK_CAPTURE_AUTORELEASING = YES;
				CLANG_WARN_BOOL_CONVERSION = YES;
				CLANG_WARN_COMMA = YES;
				CLANG_WARN_CONSTANT_CONVERSION = YES;
				CLANG_WARN_DEPRECATED_OBJC_IMPLEMENTATIONS = YES;
				CLANG_WARN_DIRECT_OBJC_ISA_USAGE = YES_ERROR;
				CLANG_WARN_DOCUMENTATION_COMMENTS = YES;
				CLANG_WARN_EMPTY_BODY = YES;
				CLANG_WARN_ENUM_CONVERSION = YES;
				CLANG_WARN_INFINITE_RECURSION = YES;
				CLANG_WARN_INT_CONVERSION = YES;
				CLANG_WARN_NON_LITERAL_NULL_CONVERSION = YES;
				CLANG_WARN_OBJC_IMPLICIT_RETAIN_SELF = YES;
				CLANG_WARN_OBJC_LITERAL_CONVERSION = YES;
				CLANG_WARN_OBJC_ROOT_CLASS = YES_ERROR;
				CLANG_WARN_QUOTED_INCLUDE_IN_FRAMEWORK_HEADER = YES;
				CLANG_WARN_RANGE_LOOP_ANALYSIS = YES;
				CLANG_WARN_STRICT_PROTOTYPES = YES;
				CLANG_WARN_SUSPICIOUS_MOVE = YES;
				CLANG_WARN_UNGUARDED_AVAILABILITY = YES_AGGRESSIVE;
				CLANG_WARN_UNREACHABLE_CODE = YES;
				CLANG_WARN__DUPLICATE_METHOD_MATCH = YES;
				COPY_PHASE_STRIP = NO;
				DEBUG_INFORMATION_FORMAT = "dwarf-with-dsym";
				ENABLE_NS_ASSERTIONS = NO;
				ENABLE_STRICT_OBJC_MSGSEND = YES;
				GCC_C_LANGUAGE_STANDARD = gnu11;
				GCC_NO_COMMON_BLOCKS = YES;
				GCC_WARN_64_TO_32_BIT_CONVERSION = YES;
				GCC_WARN_ABOUT_RETURN_TYPE = YES_ERROR;
				GCC_WARN_UNDECLARED_SELECTOR = YES;
				GCC_WARN_UNINITIALIZED_AUTOS = YES_AGGRESSIVE;
				GCC_WARN_UNUSED_FUNCTION = YES;
				GCC_WARN_UNUSED_VARIABLE = YES;
				IPHONEOS_DEPLOYMENT_TARGET = 13.7;
				MTL_ENABLE_DEBUG_INFO = NO;
				MTL_FAST_MATH = YES;
				SDKROOT = iphoneos;
				SWIFT_COMPILATION_MODE = wholemodule;
				SWIFT_OPTIMIZATION_LEVEL = "-O";
				VALIDATE_PRODUCT = YES;
			};
			name = Release;
		};
		9C57C4E525186DEA00A0117B /* Debug */ = {
			isa = XCBuildConfiguration;
			buildSettings = {
				ASSETCATALOG_COMPILER_APPICON_NAME = AppIcon;
				CODE_SIGN_STYLE = Automatic;
				DEVELOPMENT_TEAM = 557QBYXBP4;
				INFOPLIST_FILE = ConValute/Info.plist;
				LD_RUNPATH_SEARCH_PATHS = (
					"$(inherited)",
					"@executable_path/Frameworks",
				);
				PRODUCT_BUNDLE_IDENTIFIER = com.ConValute;
				PRODUCT_NAME = "$(TARGET_NAME)";
				SWIFT_VERSION = 5.0;
				TARGETED_DEVICE_FAMILY = "1,2";
			};
			name = Debug;
		};
		9C57C4E625186DEA00A0117B /* Release */ = {
			isa = XCBuildConfiguration;
			buildSettings = {
				ASSETCATALOG_COMPILER_APPICON_NAME = AppIcon;
				CODE_SIGN_STYLE = Automatic;
				DEVELOPMENT_TEAM = 557QBYXBP4;
				INFOPLIST_FILE = ConValute/Info.plist;
				LD_RUNPATH_SEARCH_PATHS = (
					"$(inherited)",
					"@executable_path/Frameworks",
				);
				PRODUCT_BUNDLE_IDENTIFIER = com.ConValute;
				PRODUCT_NAME = "$(TARGET_NAME)";
				SWIFT_VERSION = 5.0;
				TARGETED_DEVICE_FAMILY = "1,2";
			};
			name = Release;
		};
/* End XCBuildConfiguration section */

/* Begin XCConfigurationList section */
		9C57C4CB25186DE900A0117B /* Build configuration list for PBXProject "ConValute" */ = {
			isa = XCConfigurationList;
			buildConfigurations = (
				9C57C4E225186DEA00A0117B /* Debug */,
				9C57C4E325186DEA00A0117B /* Release */,
			);
			defaultConfigurationIsVisible = 0;
			defaultConfigurationName = Release;
		};
		9C57C4E425186DEA00A0117B /* Build configuration list for PBXNativeTarget "ConValute" */ = {
			isa = XCConfigurationList;
			buildConfigurations = (
				9C57C4E525186DEA00A0117B /* Debug */,
				9C57C4E625186DEA00A0117B /* Release */,
			);
			defaultConfigurationIsVisible = 0;
			defaultConfigurationName = Release;
		};
/* End XCConfigurationList section */
	};
	rootObject = 9C57C4C825186DE900A0117B /* Project object */;
}
